
Microsoft Visual Studio Solution File, Format Version 12.00
# Visual Studio 15
VisualStudioVersion = 15.0.27703.2042
MinimumVisualStudioVersion = 10.0.40219.1
Project("{8BC9CEB8-8B4A-11D0-8D11-00A0C91BC942}") = "C++Basic", "C++Basic\C++Basic.vcxproj", "{63FD8A00-C71B-4022-ABE3-B60BF1108C40}"
EndProject
Global
	GlobalSection(SolutionConfigurationPlatforms) = preSolution
		Debug|x64 = Debug|x64
		Debug|x86 = Debug|x86
		Release|x64 = Release|x64
		Release|x86 = Release|x86
	EndGlobalSection
	GlobalSection(ProjectConfigurationPlatforms) = postSolution
		{63FD8A00-C71B-4022-ABE3-B60BF1108C40}.Debug|x64.ActiveCfg = Debug|x64
		{63FD8A00-C71B-4022-ABE3-B60BF1108C40}.Debug|x64.Build.0 = Debug|x64
		{63FD8A00-C71B-4022-ABE3-B60BF1108C40}.Debug|x86.ActiveCfg = Debug|Win32
		{63FD8A00-C71B-4022-ABE3-B60BF1108C40}.Debug|x86.Build.0 = Debug|Win32
		{63FD8A00-C71B-4022-ABE3-B60BF1108C40}.Release|x64.ActiveCfg = Release|x64
		{63FD8A00-C71B-4022-ABE3-B60BF1108C40}.Release|x64.Build.0 = Release|x64
		{63FD8A00-C71B-4022-ABE3-B60BF1108C40}.Release|x86.ActiveCfg = Release|Win32
		{63FD8A00-C71B-4022-ABE3-B60BF1108C40}.Release|x86.Build.0 = Release|Win32
	EndGlobalSection
	GlobalSection(SolutionProperties) = preSolution
		HideSolutionNode = FALSE
	EndGlobalSection
	GlobalSection(ExtensibilityGlobals) = postSolution
		SolutionGuid = {89ACD3D4-E1DD-40F2-86A3-A562BF76DC0C}
	EndGlobalSection
EndGlobal
